
Microsoft Visual Studio Solution File, Format Version 12.00
# Visual Studio Version 16
VisualStudioVersion = 16.0.32929.386
MinimumVisualStudioVersion = 10.0.40219.1
Project("{FAE04EC0-301F-11D3-BF4B-00C04F79EFBC}") = "Array1", "Array1\Array1.csproj", "{05DE7903-7FFA-4F02-81F1-6CDF1B3E6E2C}"
EndProject
Project("{FAE04EC0-301F-11D3-BF4B-00C04F79EFBC}") = "Array5", "Array5\Array5.csproj", "{0C2295B2-D850-48BB-8C92-2754589AFA7F}"
EndProject
Global
	GlobalSection(SolutionConfigurationPlatforms) = preSolution
		Debug|Any CPU = Debug|Any CPU
		Release|Any CPU = Release|Any CPU
	EndGlobalSection
	GlobalSection(ProjectConfigurationPlatforms) = postSolution
		{05DE7903-7FFA-4F02-81F1-6CDF1B3E6E2C}.Debug|Any CPU.ActiveCfg = Debug|Any CPU
		{05DE7903-7FFA-4F02-81F1-6CDF1B3E6E2C}.Debug|Any CPU.Build.0 = Debug|Any CPU
		{05DE7903-7FFA-4F02-81F1-6CDF1B3E6E2C}.Release|Any CPU.ActiveCfg = Release|Any CPU
		{05DE7903-7FFA-4F02-81F1-6CDF1B3E6E2C}.Release|Any CPU.Build.0 = Release|Any CPU
		{0C2295B2-D850-48BB-8C92-2754589AFA7F}.Debug|Any CPU.ActiveCfg = Debug|Any CPU
		{0C2295B2-D850-48BB-8C92-2754589AFA7F}.Debug|Any CPU.Build.0 = Debug|Any CPU
		{0C2295B2-D850-48BB-8C92-2754589AFA7F}.Release|Any CPU.ActiveCfg = Release|Any CPU
		{0C2295B2-D850-48BB-8C92-2754589AFA7F}.Release|Any CPU.Build.0 = Release|Any CPU
	EndGlobalSection
	GlobalSection(SolutionProperties) = preSolution
		HideSolutionNode = FALSE
	EndGlobalSection
	GlobalSection(ExtensibilityGlobals) = postSolution
		SolutionGuid = {E305B12A-C0EB-430E-96F7-1049EDE64D4C}
	EndGlobalSection
EndGlobal
